
Microsoft Visual Studio Solution File, Format Version 12.00
# Visual Studio Version 17
VisualStudioVersion = 17.8.34330.188
MinimumVisualStudioVersion = 10.0.40219.1
Project("{FAE04EC0-301F-11D3-BF4B-00C04F79EFBC}") = "DelegatesEvents", "DelegatesEvents\DelegatesEvents.csproj", "{5DD974F1-D050-4150-9296-0BFB950DA005}"
EndProject
Global
	GlobalSection(SolutionConfigurationPlatforms) = preSolution
		Debug|Any CPU = Debug|Any CPU
		Release|Any CPU = Release|Any CPU
	EndGlobalSection
	GlobalSection(ProjectConfigurationPlatforms) = postSolution
		{5DD974F1-D050-4150-9296-0BFB950DA005}.Debug|Any CPU.ActiveCfg = Debug|Any CPU
		{5DD974F1-D050-4150-9296-0BFB950DA005}.Debug|Any CPU.Build.0 = Debug|Any CPU
		{5DD974F1-D050-4150-9296-0BFB950DA005}.Release|Any CPU.ActiveCfg = Release|Any CPU
		{5DD974F1-D050-4150-9296-0BFB950DA005}.Release|Any CPU.Build.0 = Release|Any CPU
	EndGlobalSection
	GlobalSection(SolutionProperties) = preSolution
		HideSolutionNode = FALSE
	EndGlobalSection
	GlobalSection(ExtensibilityGlobals) = postSolution
		SolutionGuid = {DCB5F00C-1052-40B6-A2AA-7F96EFB1BE4C}
	EndGlobalSection
EndGlobal
